
Microsoft Visual Studio Solution File, Format Version 12.00
# Visual Studio 2013
VisualStudioVersion = 12.0.30723.0
MinimumVisualStudioVersion = 10.0.40219.1
Project("{F2A71F9B-5D33-465A-A702-920D77279786}") = "NancyRestApi", "source\NancyRestApi\NancyRestApi.fsproj", "{F9337907-DC7F-4988-A226-9EB9DBF62C90}"
EndProject
Project("{F2A71F9B-5D33-465A-A702-920D77279786}") = "NancyRestApiRunner", "source\NancyRestApiRunner\NancyRestApiRunner.fsproj", "{48CCD7FA-E47B-4729-A205-29D5067D9B59}"
EndProject
Global
	GlobalSection(SolutionConfigurationPlatforms) = preSolution
		Debug|Any CPU = Debug|Any CPU
		Release|Any CPU = Release|Any CPU
	EndGlobalSection
	GlobalSection(ProjectConfigurationPlatforms) = postSolution
		{F9337907-DC7F-4988-A226-9EB9DBF62C90}.Debug|Any CPU.ActiveCfg = Debug|Any CPU
		{F9337907-DC7F-4988-A226-9EB9DBF62C90}.Debug|Any CPU.Build.0 = Debug|Any CPU
		{F9337907-DC7F-4988-A226-9EB9DBF62C90}.Release|Any CPU.ActiveCfg = Release|Any CPU
		{F9337907-DC7F-4988-A226-9EB9DBF62C90}.Release|Any CPU.Build.0 = Release|Any CPU
		{48CCD7FA-E47B-4729-A205-29D5067D9B59}.Debug|Any CPU.ActiveCfg = Debug|Any CPU
		{48CCD7FA-E47B-4729-A205-29D5067D9B59}.Debug|Any CPU.Build.0 = Debug|Any CPU
		{48CCD7FA-E47B-4729-A205-29D5067D9B59}.Release|Any CPU.ActiveCfg = Release|Any CPU
		{48CCD7FA-E47B-4729-A205-29D5067D9B59}.Release|Any CPU.Build.0 = Release|Any CPU
	EndGlobalSection
	GlobalSection(SolutionProperties) = preSolution
		HideSolutionNode = FALSE
	EndGlobalSection
EndGlobal
